# THIS IS AN AUTOGENERATED FILE. DO NOT EDIT THIS FILE DIRECTLY.
# yarn lockfile v1


"@stoplight/json@3.15.0":
  version "3.15.0"
  resolved "https://registry.yarnpkg.com/@stoplight/json/-/json-3.15.0.tgz#e7c2919aaa12dc4dafb43d4da71e29d101106f34"
  dependencies:
    "@stoplight/ordered-object-literal" "^1.0.1"
    "@stoplight/types" "^12.2.0"
    jsonc-parser "~2.2.1"
    lodash "^4.17.15"
    safe-stable-stringify "^1.1"

"@stoplight/ordered-object-literal@^1.0.1":
  version "1.0.2"
  resolved "https://registry.yarnpkg.com/@stoplight/ordered-object-literal/-/ordered-object-literal-1.0.2.tgz#2a88a5ebc8b68b54837ac9a9ae7b779cdd862062"

"@stoplight/types@12.3.0", "@stoplight/types@^12.2.0":
  version "12.3.0"
  resolved "https://registry.yarnpkg.com/@stoplight/types/-/types-12.3.0.tgz#ac71d295319f26abb279e3d89d1c1774857d20b4"
  dependencies:
    "@types/json-schema" "^7.0.4"
    utility-types "^3.10.0"

"@stoplight/types@^11.9.0":
  version "11.10.0"
  resolved "https://registry.yarnpkg.com/@stoplight/types/-/types-11.10.0.tgz#60bbee770526f4de9cd1c613c7ab84c4e4674126"
  dependencies:
    "@types/json-schema" "^7.0.4"
    utility-types "^3.10.0"

"@stoplight/yaml-ast-parser@0.0.48":
  version "0.0.48"
  resolved "https://registry.yarnpkg.com/@stoplight/yaml-ast-parser/-/yaml-ast-parser-0.0.48.tgz#442b21f419427acaa8a3106ebc5d73351c407002"

"@stoplight/yaml@4.2.1":
  version "4.2.1"
  resolved "https://registry.yarnpkg.com/@stoplight/yaml/-/yaml-4.2.1.tgz#6ff5ca89c3c427bd5e08f819d28730bb53e16cc6"
  dependencies:
    "@stoplight/ordered-object-literal" "^1.0.1"
    "@stoplight/types" "^11.9.0"
    "@stoplight/yaml-ast-parser" "0.0.48"
    tslib "^1.12.0"

"@types/json-schema@^7.0.4":
  version "7.0.7"
  resolved "https://registry.yarnpkg.com/@types/json-schema/-/json-schema-7.0.7.tgz#98a993516c859eb0d5c4c8f098317a9ea68db9ad"

jsonc-parser@~2.2.1:
  version "2.2.1"
  resolved "https://registry.yarnpkg.com/jsonc-parser/-/jsonc-parser-2.2.1.tgz#db73cd59d78cce28723199466b2a03d1be1df2bc"

lodash@^4.17.15:
  version "4.17.21"
  resolved "https://registry.yarnpkg.com/lodash/-/lodash-4.17.21.tgz#679591c564c3bffaae8454cf0b3df370c3d6911c"

safe-stable-stringify@^1.1:
  version "1.1.1"
  resolved "https://registry.yarnpkg.com/safe-stable-stringify/-/safe-stable-stringify-1.1.1.tgz#c8a220ab525cd94e60ebf47ddc404d610dc5d84a"

tslib@^1.12.0:
  version "1.14.1"
  resolved "https://registry.yarnpkg.com/tslib/-/tslib-1.14.1.tgz#cf2d38bdc34a134bcaf1091c41f6619e2f672d00"

utility-types@^3.10.0:
  version "3.10.0"
  resolved "https://registry.yarnpkg.com/utility-types/-/utility-types-3.10.0.tgz#ea4148f9a741015f05ed74fd615e1d20e6bed82b"
